
Microsoft Visual Studio Solution File, Format Version 12.00
# Visual Studio Version 16
VisualStudioVersion = 16.0.30717.126
MinimumVisualStudioVersion = 10.0.40219.1
Project("{FAE04EC0-301F-11D3-BF4B-00C04F79EFBC}") = "Proiect", "Proiect.csproj", "{FA0B0F4F-6078-439D-9A47-B6BBA2F77C95}"
EndProject
Global
	GlobalSection(SolutionConfigurationPlatforms) = preSolution
		Debug|Any CPU = Debug|Any CPU
		Release|Any CPU = Release|Any CPU
	EndGlobalSection
	GlobalSection(ProjectConfigurationPlatforms) = postSolution
		{FA0B0F4F-6078-439D-9A47-B6BBA2F77C95}.Debug|Any CPU.ActiveCfg = Debug|Any CPU
		{FA0B0F4F-6078-439D-9A47-B6BBA2F77C95}.Debug|Any CPU.Build.0 = Debug|Any CPU
		{FA0B0F4F-6078-439D-9A47-B6BBA2F77C95}.Release|Any CPU.ActiveCfg = Release|Any CPU
		{FA0B0F4F-6078-439D-9A47-B6BBA2F77C95}.Release|Any CPU.Build.0 = Release|Any CPU
	EndGlobalSection
	GlobalSection(SolutionProperties) = preSolution
		HideSolutionNode = FALSE
	EndGlobalSection
	GlobalSection(ExtensibilityGlobals) = postSolution
		SolutionGuid = {C53C74D2-6294-40FD-8C01-CED6DFA76586}
	EndGlobalSection
EndGlobal
